
Microsoft Visual Studio Solution File, Format Version 12.00
# Visual Studio Version 17
VisualStudioVersion = 17.14.37411.7 d17.14
MinimumVisualStudioVersion = 10.0.40219.1
Project("{FAE04EC0-301F-11D3-BF4B-00C04F79EFBC}") = "RegistrarManagement", "..\..\..\..\RegistrarManagement_Designer_Firebase_Fixed\RegistrarManagement_Designer_Firebase\RegistrarManagement.csproj", "{AEE6A933-CF42-28DE-F9B7-73F2126B03B3}"
EndProject
Global
	GlobalSection(SolutionConfigurationPlatforms) = preSolution
		Debug|Any CPU = Debug|Any CPU
		Release|Any CPU = Release|Any CPU
	EndGlobalSection
	GlobalSection(ProjectConfigurationPlatforms) = postSolution
		{AEE6A933-CF42-28DE-F9B7-73F2126B03B3}.Debug|Any CPU.ActiveCfg = Debug|Any CPU
		{AEE6A933-CF42-28DE-F9B7-73F2126B03B3}.Debug|Any CPU.Build.0 = Debug|Any CPU
		{AEE6A933-CF42-28DE-F9B7-73F2126B03B3}.Release|Any CPU.ActiveCfg = Release|Any CPU
		{AEE6A933-CF42-28DE-F9B7-73F2126B03B3}.Release|Any CPU.Build.0 = Release|Any CPU
	EndGlobalSection
	GlobalSection(SolutionProperties) = preSolution
		HideSolutionNode = FALSE
	EndGlobalSection
	GlobalSection(ExtensibilityGlobals) = postSolution
		SolutionGuid = {59F8F1EC-C498-4BE3-B5C9-010CC0152C69}
	EndGlobalSection
EndGlobal
